
Microsoft Visual Studio Solution File, Format Version 12.00
# Visual Studio Version 17
VisualStudioVersion = 17.14.36121.58 d17.14
MinimumVisualStudioVersion = 10.0.40219.1
Project("{FAE04EC0-301F-11D3-BF4B-00C04F79EFBC}") = "StorageAndRetrieval", "StorageAndRetrieval\StorageAndRetrieval.csproj", "{32AA0C63-F657-46D4-BB33-9F18A71B9143}"
EndProject
Global
	GlobalSection(SolutionConfigurationPlatforms) = preSolution
		Debug|Any CPU = Debug|Any CPU
		Release|Any CPU = Release|Any CPU
	EndGlobalSection
	GlobalSection(ProjectConfigurationPlatforms) = postSolution
		{32AA0C63-F657-46D4-BB33-9F18A71B9143}.Debug|Any CPU.ActiveCfg = Debug|Any CPU
		{32AA0C63-F657-46D4-BB33-9F18A71B9143}.Debug|Any CPU.Build.0 = Debug|Any CPU
		{32AA0C63-F657-46D4-BB33-9F18A71B9143}.Release|Any CPU.ActiveCfg = Release|Any CPU
		{32AA0C63-F657-46D4-BB33-9F18A71B9143}.Release|Any CPU.Build.0 = Release|Any CPU
	EndGlobalSection
	GlobalSection(SolutionProperties) = preSolution
		HideSolutionNode = FALSE
	EndGlobalSection
	GlobalSection(ExtensibilityGlobals) = postSolution
		SolutionGuid = {374E987B-A6B0-47D9-AF8B-2AB8301A0675}
	EndGlobalSection
EndGlobal
